dependencies:
- name: mclabels
  repository: oci://acrarolibotnonprod.azurecr.io/helm/infra
  version: 1.1.0
- name: fluent-bit
  repository: oci://ghcr.io/fluent/helm-charts
  version: 0.57.7
digest: sha256:06dfec2aaed8bc523d02a03d59bc9bb38aba02183cc0097642f3cc53a976ffff
generated: "2026-10-07T09:57:42.747104+03:00"
