dependencies:
- name: opa
  repository: file://charts/opa
  version: 1.2.0
- name: auth-cron
  repository: file://../packages/auth-cron/helm
  version: 1.2.0
- name: auth-manager
  repository: file://../packages/auth-manager/helm
  version: 1.2.0
digest: sha256:7530d20ec7caec03e2b78d0bc7929db9874bad761d1972d291dd13ff4bae1de6
generated: "2025-01-20T16:26:00.777020689+02:00"
